{
    "_readme": [
        "This file locks the dependencies of your project to a known state",
        "Read more about it at https://getcomposer.org/doc/01-basic-usage.md#composer-lock-the-lock-file",
        "This file is @generated automatically"
    ],
    "hash": "e11b8974bcd3eba4dd82744b324dff24",
    "content-hash": "22ce4de0c9541e5e6183bb720ec61a00",
    "packages": [
        {
            "name": "drupalonwindows/netphp",
            "version": "2.x-dev",
            "source": {
                "type": "git",
                "url": "https://github.com/david-garcia-garcia/netphp.git",
                "reference": "717150ec1f2b1780df74a59b3aac089d4b620d6c"
            },
            "dist": {
                "type": "zip",
                "url": "https://api.github.com/repos/david-garcia-garcia/netphp/zipball/717150ec1f2b1780df74a59b3aac089d4b620d6c",
                "reference": "717150ec1f2b1780df74a59b3aac089d4b620d6c",
                "shasum": ""
            },
            "require": {
                "php": ">=5.5.0"
            },
            "require-dev": {
                "phpunit/phpunit": "5.0.*"
            },
            "type": "library",
            "autoload": {
                "psr-4": {
                    "NetPhp\\": "src/"
                }
            },
            "notification-url": "https://packagist.org/downloads/",
            "license": [
                "MIT"
            ],
            "authors": [
                {
                    "name": "David",
                    "email": "deivid.garcia.garcia@gmail.com"
                }
            ],
            "keywords": [
                ".Net Framework",
                ".net",
                "dotnet",
                "microsoft",
                "php"
            ],
            "time": "2015-10-20 18:41:07"
        }
    ],
    "packages-dev": [],
    "aliases": [],
    "minimum-stability": "stable",
    "stability-flags": {
        "drupalonwindows/netphp": 20
    },
    "prefer-stable": false,
    "prefer-lowest": false,
    "platform": [],
    "platform-dev": []
}
